// !$*UTF8*$!
{
	archiveVersion = 1;
	classes = {
	};
	objectVersion = 46;
	objects = {

/* Begin PBXBuildFile section */
		8C2809C61DEC382700623D20 /* ThreadViewController.swift in Sources */ = {isa = PBXBuildFile; fileRef = 8C2809C51DEC382700623D20 /* ThreadViewController.swift */; };
		8C2809C81DEC393500623D20 /* MessageModel.swift in Sources */ = {isa = PBXBuildFile; fileRef = 8C2809C71DEC393500623D20 /* MessageModel.swift */; };
		8CC0CA191DEC322400367095 /* AppDelegate.swift in Sources */ = {isa = PBXBuildFile; fileRef = 8CC0CA181DEC322400367095 /* AppDelegate.swift */; };
		8CC0CA201DEC322400367095 /* Assets.xcassets in Resources */ = {isa = PBXBuildFile; fileRef = 8CC0CA1F1DEC322400367095 /* Assets.xcassets */; };
		8CC0CA231DEC322400367095 /* LaunchScreen.storyboard in Resources */ = {isa = PBXBuildFile; fileRef = 8CC0CA211DEC322400367095 /* LaunchScreen.storyboard */; };
		8CC0CA2E1DEC322500367095 /* ForeverAloneTests.swift in Sources */ = {isa = PBXBuildFile; fileRef = 8CC0CA2D1DEC322500367095 /* ForeverAloneTests.swift */; };
		8CC0CA391DEC322500367095 /* ForeverAloneUITests.swift in Sources */ = {isa = PBXBuildFile; fileRef = 8CC0CA381DEC322500367095 /* ForeverAloneUITests.swift */; };
/* End PBXBuildFile section */

/* Begin PBXContainerItemProxy section */
		8CC0CA2A1DEC322500367095 /* PBXContainerItemProxy */ = {
			isa = PBXContainerItemProxy;
			containerPortal = 8CC0CA0D1DEC322300367095 /* Project object */;
			proxyType = 1;
			remoteGlobalIDString = 8CC0CA141DEC322400367095;
			remoteInfo = ForeverAlone;
		};
		8CC0CA351DEC322500367095 /* PBXContainerItemProxy */ = {
			isa = PBXContainerItemProxy;
			containerPortal = 8CC0CA0D1DEC322300367095 /* Project object */;
			proxyType = 1;
			remoteGlobalIDString = 8CC0CA141DEC322400367095;
			remoteInfo = ForeverAlone;
		};
/* End PBXContainerItemProxy section */

/* Begin PBXFileReference section */
		8C2809C51DEC382700623D20 /* ThreadViewController.swift */ = {isa = PBXFileReference; fileEncoding = 4; lastKnownFileType = sourcecode.swift; path = ThreadViewController.swift; sourceTree = "<group>"; };
		8C2809C71DEC393500623D20 /* MessageModel.swift */ = {isa = PBXFileReference; fileEncoding = 4; lastKnownFileType = sourcecode.swift; path = MessageModel.swift; sourceTree = "<group>"; };
		8CC0CA151DEC322400367095 /* ForeverAlone.app */ = {isa = PBXFileReference; explicitFileType = wrapper.application; includeInIndex = 0; path = ForeverAlone.app; sourceTree = BUILT_PRODUCTS_DIR; };
		8CC0CA181DEC322400367095 /* AppDelegate.swift */ = {isa = PBXFileReference; lastKnownFileType = sourcecode.swift; path = AppDelegate.swift; sourceTree = "<group>"; };
		8CC0CA1F1DEC322400367095 /* Assets.xcassets */ = {isa = PBXFileReference; lastKnownFileType = folder.assetcatalog; path = Assets.xcassets; sourceTree = "<group>"; };
		8CC0CA221DEC322400367095 /* Base */ = {isa = PBXFileReference; lastKnownFileType = file.storyboard; name = Base; path = Base.lproj/LaunchScreen.storyboard; sourceTree = "<group>"; };
		8CC0CA241DEC322400367095 /* Info.plist */ = {isa = PBXFileReference; lastKnownFileType = text.plist.xml; path = Info.plist; sourceTree = "<group>"; };
		8CC0CA291DEC322500367095 /* ForeverAloneTests.xctest */ = {isa = PBXFileReference; explicitFileType = wrapper.cfbundle; includeInIndex = 0; path = ForeverAloneTests.xctest; sourceTree = BUILT_PRODUCTS_DIR; };
		8CC0CA2D1DEC322500367095 /* ForeverAloneTests.swift */ = {isa = PBXFileReference; lastKnownFileType = sourcecode.swift; path = ForeverAloneTests.swift; sourceTree = "<group>"; };
		8CC0CA2F1DEC322500367095 /* Info.plist */ = {isa = PBXFileReference; lastKnownFileType = text.plist.xml; path = Info.plist; sourceTree = "<group>"; };
		8CC0CA341DEC322500367095 /* ForeverAloneUITests.xctest */ = {isa = PBXFileReference; explicitFileType = wrapper.cfbundle; includeInIndex = 0; path = ForeverAloneUITests.xctest; sourceTree = BUILT_PRODUCTS_DIR; };
		8CC0CA381DEC322500367095 /* ForeverAloneUITests.swift */ = {isa = PBXFileReference; lastKnownFileType = sourcecode.swift; path = ForeverAloneUITests.swift; sourceTree = "<group>"; };
		8CC0CA3A1DEC322500367095 /* Info.plist */ = {isa = PBXFileReference; lastKnownFileType = text.plist.xml; path = Info.plist; sourceTree = "<group>"; };
/* End PBXFileReference section */

/* Begin PBXFrameworksBuildPhase section */
		8CC0CA121DEC322400367095 /* Frameworks */ = {
			isa = PBXFrameworksBuildPhase;
			buildActionMask = 2147483647;
			files = (
			);
			runOnlyForDeploymentPostprocessing = 0;
		};
		8CC0CA261DEC322500367095 /* Frameworks */ = {
			isa = PBXFrameworksBuildPhase;
			buildActionMask = 2147483647;
			files = (
			);
			runOnlyForDeploymentPostprocessing = 0;
		};
		8CC0CA311DEC322500367095 /* Frameworks */ = {
			isa = PBXFrameworksBuildPhase;
			buildActionMask = 2147483647;
			files = (
			);
			runOnlyForDeploymentPostprocessing = 0;
		};
/* End PBXFrameworksBuildPhase section */

/* Begin PBXGroup section */
		8CC0CA0C1DEC322300367095 = {
			isa = PBXGroup;
			children = (
				8CC0CA171DEC322400367095 /* ForeverAlone */,
				8CC0CA2C1DEC322500367095 /* ForeverAloneTests */,
				8CC0CA371DEC322500367095 /* ForeverAloneUITests */,
				8CC0CA161DEC322400367095 /* Products */,
			);
			sourceTree = "<group>";
		};
		8CC0CA161DEC322400367095 /* Products */ = {
			isa = PBXGroup;
			children = (
				8CC0CA151DEC322400367095 /* ForeverAlone.app */,
				8CC0CA291DEC322500367095 /* ForeverAloneTests.xctest */,
				8CC0CA341DEC322500367095 /* ForeverAloneUITests.xctest */,
			);
			name = Products;
			sourceTree = "<group>";
		};
		8CC0CA171DEC322400367095 /* ForeverAlone */ = {
			isa = PBXGroup;
			children = (
				8CC0CA181DEC322400367095 /* AppDelegate.swift */,
				8C2809C51DEC382700623D20 /* ThreadViewController.swift */,
				8C2809C71DEC393500623D20 /* MessageModel.swift */,
				8CC0CA1F1DEC322400367095 /* Assets.xcassets */,
				8CC0CA211DEC322400367095 /* LaunchScreen.storyboard */,
				8CC0CA241DEC322400367095 /* Info.plist */,
			);
			path = ForeverAlone;
			sourceTree = "<group>";
		};
		8CC0CA2C1DEC322500367095 /* ForeverAloneTests */ = {
			isa = PBXGroup;
			children = (
				8CC0CA2D1DEC322500367095 /* ForeverAloneTests.swift */,
				8CC0CA2F1DEC322500367095 /* Info.plist */,
			);
			path = ForeverAloneTests;
			sourceTree = "<group>";
		};
		8CC0CA371DEC322500367095 /* ForeverAloneUITests */ = {
			isa = PBXGroup;
			children = (
				8CC0CA381DEC322500367095 /* ForeverAloneUITests.swift */,
				8CC0CA3A1DEC322500367095 /* Info.plist */,
			);
			path = ForeverAloneUITests;
			sourceTree = "<group>";
		};
/* End PBXGroup section */

/* Begin PBXNativeTarget section */
		8CC0CA141DEC322400367095 /* ForeverAlone */ = {
			isa = PBXNativeTarget;
			buildConfigurationList = 8CC0CA3D1DEC322500367095 /* Build configuration list for PBXNativeTarget "ForeverAlone" */;
			buildPhases = (
				8CC0CA111DEC322400367095 /* Sources */,
				8CC0CA121DEC322400367095 /* Frameworks */,
				8CC0CA131DEC322400367095 /* Resources */,
			);
			buildRules = (
			);
			dependencies = (
			);
			name = ForeverAlone;
			productName = ForeverAlone;
			productReference = 8CC0CA151DEC322400367095 /* ForeverAlone.app */;
			productType = "com.apple.product-type.application";
		};
		8CC0CA281DEC322500367095 /* ForeverAloneTests */ = {
			isa = PBXNativeTarget;
			buildConfigurationList = 8CC0CA401DEC322500367095 /* Build configuration list for PBXNativeTarget "ForeverAloneTests" */;
			buildPhases = (
				8CC0CA251DEC322500367095 /* Sources */,
				8CC0CA261DEC322500367095 /* Frameworks */,
				8CC0CA271DEC322500367095 /* Resources */,
			);
			buildRules = (
			);
			dependencies = (
				8CC0CA2B1DEC322500367095 /* PBXTargetDependency */,
			);
			name = ForeverAloneTests;
			productName = ForeverAloneTests;
			productReference = 8CC0CA291DEC322500367095 /* ForeverAloneTests.xctest */;
			productType = "com.apple.product-type.bundle.unit-test";
		};
		8CC0CA331DEC322500367095 /* ForeverAloneUITests */ = {
			isa = PBXNativeTarget;
			buildConfigurationList = 8CC0CA431DEC322500367095 /* Build configuration list for PBXNativeTarget "ForeverAloneUITests" */;
			buildPhases = (
				8CC0CA301DEC322500367095 /* Sources */,
				8CC0CA311DEC322500367095 /* Frameworks */,
				8CC0CA321DEC322500367095 /* Resources */,
			);
			buildRules = (
			);
			dependencies = (
				8CC0CA361DEC322500367095 /* PBXTargetDependency */,
			);
			name = ForeverAloneUITests;
			productName = ForeverAloneUITests;
			productReference = 8CC0CA341DEC322500367095 /* ForeverAloneUITests.xctest */;
			productType = "com.apple.product-type.bundle.ui-testing";
		};
/* End PBXNativeTarget section */

/* Begin PBXProject section */
		8CC0CA0D1DEC322300367095 /* Project object */ = {
			isa = PBXProject;
			attributes = {
				LastSwiftUpdateCheck = 0730;
				LastUpgradeCheck = 0730;
				ORGANIZATIONNAME = "Patryk Adamkiewicz";
				TargetAttributes = {
					8CC0CA141DEC322400367095 = {
						CreatedOnToolsVersion = 7.3.1;
					};
					8CC0CA281DEC322500367095 = {
						CreatedOnToolsVersion = 7.3.1;
						TestTargetID = 8CC0CA141DEC322400367095;
					};
					8CC0CA331DEC322500367095 = {
						CreatedOnToolsVersion = 7.3.1;
						TestTargetID = 8CC0CA141DEC322400367095;
					};
				};
			};
			buildConfigurationList = 8CC0CA101DEC322400367095 /* Build configuration list for PBXProject "ForeverAlone" */;
			compatibilityVersion = "Xcode 3.2";
			developmentRegion = English;
			hasScannedForEncodings = 0;
			knownRegions = (
				en,
				Base,
			);
			mainGroup = 8CC0CA0C1DEC322300367095;
			productRefGroup = 8CC0CA161DEC322400367095 /* Products */;
			projectDirPath = "";
			projectRoot = "";
			targets = (
				8CC0CA141DEC322400367095 /* ForeverAlone */,
				8CC0CA281DEC322500367095 /* ForeverAloneTests */,
				8CC0CA331DEC322500367095 /* ForeverAloneUITests */,
			);
		};
/* End PBXProject section */

/* Begin PBXResourcesBuildPhase section */
		8CC0CA131DEC322400367095 /* Resources */ = {
			isa = PBXResourcesBuildPhase;
			buildActionMask = 2147483647;
			files = (
				8CC0CA231DEC322400367095 /* LaunchScreen.storyboard in Resources */,
				8CC0CA201DEC322400367095 /* Assets.xcassets in Resources */,
			);
			runOnlyForDeploymentPostprocessing = 0;
		};
		8CC0CA271DEC322500367095 /* Resources */ = {
			isa = PBXResourcesBuildPhase;
			buildActionMask = 2147483647;
			files = (
			);
			runOnlyForDeploymentPostprocessing = 0;
		};
		8CC0CA321DEC322500367095 /* Resources */ = {
			isa = PBXResourcesBuildPhase;
			buildActionMask = 2147483647;
			files = (
			);
			runOnlyForDeploymentPostprocessing = 0;
		};
/* End PBXResourcesBuildPhase section */

/* Begin PBXSourcesBuildPhase section */
		8CC0CA111DEC322400367095 /* Sources */ = {
			isa = PBXSourcesBuildPhase;
			buildActionMask = 2147483647;
			files = (
				8C2809C81DEC393500623D20 /* MessageModel.swift in Sources */,
				8CC0CA191DEC322400367095 /* AppDelegate.swift in Sources */,
				8C2809C61DEC382700623D20 /* ThreadViewController.swift in Sources */,
			);
			runOnlyForDeploymentPostprocessing = 0;
		};
		8CC0CA251DEC322500367095 /* Sources */ = {
			isa = PBXSourcesBuildPhase;
			buildActionMask = 2147483647;
			files = (
				8CC0CA2E1DEC322500367095 /* ForeverAloneTests.swift in Sources */,
			);
			runOnlyForDeploymentPostprocessing = 0;
		};
		8CC0CA301DEC322500367095 /* Sources */ = {
			isa = PBXSourcesBuildPhase;
			buildActionMask = 2147483647;
			files = (
				8CC0CA391DEC322500367095 /* ForeverAloneUITests.swift in Sources */,
			);
			runOnlyForDeploymentPostprocessing = 0;
		};
/* End PBXSourcesBuildPhase section */

/* Begin PBXTargetDependency section */
		8CC0CA2B1DEC322500367095 /* PBXTargetDependency */ = {
			isa = PBXTargetDependency;
			target = 8CC0CA141DEC322400367095 /* ForeverAlone */;
			targetProxy = 8CC0CA2A1DEC322500367095 /* PBXContainerItemProxy */;
		};
		8CC0CA361DEC322500367095 /* PBXTargetDependency */ = {
			isa = PBXTargetDependency;
			target = 8CC0CA141DEC322400367095 /* ForeverAlone */;
			targetProxy = 8CC0CA351DEC322500367095 /* PBXContainerItemProxy */;
		};
/* End PBXTargetDependency section */

/* Begin PBXVariantGroup section */
		8CC0CA211DEC322400367095 /* LaunchScreen.storyboard */ = {
			isa = PBXVariantGroup;
			children = (
				8CC0CA221DEC322400367095 /* Base */,
			);
			name = LaunchScreen.storyboard;
			sourceTree = "<group>";
		};
/* End PBXVariantGroup section */

/* Begin XCBuildConfiguration section */
		8CC0CA3B1DEC322500367095 /* Debug */ = {
			isa = XCBuildConfiguration;
			buildSettings = {
				ALWAYS_SEARCH_USER_PATHS = NO;
				CLANG_ANALYZER_NONNULL = YES;
				CLANG_CXX_LANGUAGE_STANDARD = "gnu++0x";
				CLANG_CXX_LIBRARY = "libc++";
				CLANG_ENABLE_MODULES = YES;
				CLANG_ENABLE_OBJC_ARC = YES;
				CLANG_WARN_BOOL_CONVERSION = YES;
				CLANG_WARN_CONSTANT_CONVERSION = YES;
				CLANG_WARN_DIRECT_OBJC_ISA_USAGE = YES_ERROR;
				CLANG_WARN_EMPTY_BODY = YES;
				CLANG_WARN_ENUM_CONVERSION = YES;
				CLANG_WARN_INT_CONVERSION = YES;
				CLANG_WARN_OBJC_ROOT_CLASS = YES_ERROR;
				CLANG_WARN_UNREACHABLE_CODE = YES;
				CLANG_WARN__DUPLICATE_METHOD_MATCH = YES;
				"CODE_SIGN_IDENTITY[sdk=iphoneos*]" = "iPhone Developer";
				COPY_PHASE_STRIP = NO;
				DEBUG_INFORMATION_FORMAT = dwarf;
				ENABLE_STRICT_OBJC_MSGSEND = YES;
				ENABLE_TESTABILITY = YES;
				GCC_C_LANGUAGE_STANDARD = gnu99;
				GCC_DYNAMIC_NO_PIC = NO;
				GCC_NO_COMMON_BLOCKS = YES;
				GCC_OPTIMIZATION_LEVEL = 0;
				GCC_PREPROCESSOR_DEFINITIONS = (
					"DEBUG=1",
					"$(inherited)",
				);
				GCC_WARN_64_TO_32_BIT_CONVERSION = YES;
				GCC_WARN_ABOUT_RETURN_TYPE = YES_ERROR;
				GCC_WARN_UNDECLARED_SELECTOR = YES;
				GCC_WARN_UNINITIALIZED_AUTOS = YES_AGGRESSIVE;
				GCC_WARN_UNUSED_FUNCTION = YES;
				GCC_WARN_UNUSED_VARIABLE = YES;
				IPHONEOS_DEPLOYMENT_TARGET = 9.3;
				MTL_ENABLE_DEBUG_INFO = YES;
				ONLY_ACTIVE_ARCH = YES;
				SDKROOT = iphoneos;
				SWIFT_OPTIMIZATION_LEVEL = "-Onone";
				TARGETED_DEVICE_FAMILY = "1,2";
			};
			name = Debug;
		};
		8CC0CA3C1DEC322500367095 /* Release */ = {
			isa = XCBuildConfiguration;
			buildSettings = {
				ALWAYS_SEARCH_USER_PATHS = NO;
				CLANG_ANALYZER_NONNULL = YES;
				CLANG_CXX_LANGUAGE_STANDARD = "gnu++0x";
				CLANG_CXX_LIBRARY = "libc++";
				CLANG_ENABLE_MODULES = YES;
				CLANG_ENABLE_OBJC_ARC = YES;
				CLANG_WARN_BOOL_CONVERSION = YES;
				CLANG_WARN_CONSTANT_CONVERSION = YES;
				CLANG_WARN_DIRECT_OBJC_ISA_USAGE = YES_ERROR;
				CLANG_WARN_EMPTY_BODY = YES;
				CLANG_WARN_ENUM_CONVERSION = YES;
				CLANG_WARN_INT_CONVERSION = YES;
				CLANG_WARN_OBJC_ROOT_CLASS = YES_ERROR;
				CLANG_WARN_UNREACHABLE_CODE = YES;
				CLANG_WARN__DUPLICATE_METHOD_MATCH = YES;
				"CODE_SIGN_IDENTITY[sdk=iphoneos*]" = "iPhone Developer";
				COPY_PHASE_STRIP = NO;
				DEBUG_INFORMATION_FORMAT = "dwarf-with-dsym";
				ENABLE_NS_ASSERTIONS = NO;
				ENABLE_STRICT_OBJC_MSGSEND = YES;
				GCC_C_LANGUAGE_STANDARD = gnu99;
				GCC_NO_COMMON_BLOCKS = YES;
				GCC_WARN_64_TO_32_BIT_CONVERSION = YES;
				GCC_WARN_ABOUT_RETURN_TYPE = YES_ERROR;
				GCC_WARN_UNDECLARED_SELECTOR = YES;
				GCC_WARN_UNINITIALIZED_AUTOS = YES_AGGRESSIVE;
				GCC_WARN_UNUSED_FUNCTION = YES;
				GCC_WARN_UNUSED_VARIABLE = YES;
				IPHONEOS_DEPLOYMENT_TARGET = 9.3;
				MTL_ENABLE_DEBUG_INFO = NO;
				SDKROOT = iphoneos;
				TARGETED_DEVICE_FAMILY = "1,2";
				VALIDATE_PRODUCT = YES;
			};
			name = Release;
		};
		8CC0CA3E1DEC322500367095 /* Debug */ = {
			isa = XCBuildConfiguration;
			buildSettings = {
				ASSETCATALOG_COMPILER_APPICON_NAME = AppIcon;
				INFOPLIST_FILE = ForeverAlone/Info.plist;
				IPHONEOS_DEPLOYMENT_TARGET = 9.0;
				LD_RUNPATH_SEARCH_PATHS = "$(inherited) @executable_path/Frameworks";
				PRODUCT_BUNDLE_IDENTIFIER = noname.ForeverAlone;
				PRODUCT_NAME = "$(TARGET_NAME)";
			};
			name = Debug;
		};
		8CC0CA3F1DEC322500367095 /* Release */ = {
			isa = XCBuildConfiguration;
			buildSettings = {
				ASSETCATALOG_COMPILER_APPICON_NAME = AppIcon;
				INFOPLIST_FILE = ForeverAlone/Info.plist;
				IPHONEOS_DEPLOYMENT_TARGET = 9.0;
				LD_RUNPATH_SEARCH_PATHS = "$(inherited) @executable_path/Frameworks";
				PRODUCT_BUNDLE_IDENTIFIER = noname.ForeverAlone;
				PRODUCT_NAME = "$(TARGET_NAME)";
			};
			name = Release;
		};
		8CC0CA411DEC322500367095 /* Debug */ = {
			isa = XCBuildConfiguration;
			buildSettings = {
				BUNDLE_LOADER = "$(TEST_HOST)";
				INFOPLIST_FILE = ForeverAloneTests/Info.plist;
				LD_RUNPATH_SEARCH_PATHS = "$(inherited) @executable_path/Frameworks @loader_path/Frameworks";
				PRODUCT_BUNDLE_IDENTIFIER = noname.ForeverAloneTests;
				PRODUCT_NAME = "$(TARGET_NAME)";
				TEST_HOST = "$(BUILT_PRODUCTS_DIR)/ForeverAlone.app/ForeverAlone";
			};
			name = Debug;
		};
		8CC0CA421DEC322500367095 /* Release */ = {
			isa = XCBuildConfiguration;
			buildSettings = {
				BUNDLE_LOADER = "$(TEST_HOST)";
				INFOPLIST_FILE = ForeverAloneTests/Info.plist;
				LD_RUNPATH_SEARCH_PATHS = "$(inherited) @executable_path/Frameworks @loader_path/Frameworks";
				PRODUCT_BUNDLE_IDENTIFIER = noname.ForeverAloneTests;
				PRODUCT_NAME = "$(TARGET_NAME)";
				TEST_HOST = "$(BUILT_PRODUCTS_DIR)/ForeverAlone.app/ForeverAlone";
			};
			name = Release;
		};
		8CC0CA441DEC322500367095 /* Debug */ = {
			isa = XCBuildConfiguration;
			buildSettings = {
				INFOPLIST_FILE = ForeverAloneUITests/Info.plist;
				LD_RUNPATH_SEARCH_PATHS = "$(inherited) @executable_path/Frameworks @loader_path/Frameworks";
				PRODUCT_BUNDLE_IDENTIFIER = noname.ForeverAloneUITests;
				PRODUCT_NAME = "$(TARGET_NAME)";
				TEST_TARGET_NAME = ForeverAlone;
			};
			name = Debug;
		};
		8CC0CA451DEC322500367095 /* Release */ = {
			isa = XCBuildConfiguration;
			buildSettings = {
				INFOPLIST_FILE = ForeverAloneUITests/Info.plist;
				LD_RUNPATH_SEARCH_PATHS = "$(inherited) @executable_path/Frameworks @loader_path/Frameworks";
				PRODUCT_BUNDLE_IDENTIFIER = noname.ForeverAloneUITests;
				PRODUCT_NAME = "$(TARGET_NAME)";
				TEST_TARGET_NAME = ForeverAlone;
			};
			name = Release;
		};
/* End XCBuildConfiguration section */

/* Begin XCConfigurationList section */
		8CC0CA101DEC322400367095 /* Build configuration list for PBXProject "ForeverAlone" */ = {
			isa = XCConfigurationList;
			buildConfigurations = (
				8CC0CA3B1DEC322500367095 /* Debug */,
				8CC0CA3C1DEC322500367095 /* Release */,
			);
			defaultConfigurationIsVisible = 0;
			defaultConfigurationName = Release;
		};
		8CC0CA3D1DEC322500367095 /* Build configuration list for PBXNativeTarget "ForeverAlone" */ = {
			isa = XCConfigurationList;
			buildConfigurations = (
				8CC0CA3E1DEC322500367095 /* Debug */,
				8CC0CA3F1DEC322500367095 /* Release */,
			);
			defaultConfigurationIsVisible = 0;
			defaultConfigurationName = Release;
		};
		8CC0CA401DEC322500367095 /* Build configuration list for PBXNativeTarget "ForeverAloneTests" */ = {
			isa = XCConfigurationList;
			buildConfigurations = (
				8CC0CA411DEC322500367095 /* Debug */,
				8CC0CA421DEC322500367095 /* Release */,
			);
			defaultConfigurationIsVisible = 0;
			defaultConfigurationName = Release;
		};
		8CC0CA431DEC322500367095 /* Build configuration list for PBXNativeTarget "ForeverAloneUITests" */ = {
			isa = XCConfigurationList;
			buildConfigurations = (
				8CC0CA441DEC322500367095 /* Debug */,
				8CC0CA451DEC322500367095 /* Release */,
			);
			defaultConfigurationIsVisible = 0;
			defaultConfigurationName = Release;
		};
/* End XCConfigurationList section */
	};
	rootObject = 8CC0CA0D1DEC322300367095 /* Project object */;
}
