// !$*UTF8*$!
{
	archiveVersion = 1;
	classes = {
	};
	objectVersion = 46;
	objects = {

/* Begin PBXBuildFile section */
		D71C3D571DFEA9DC00405771 /* AppDelegate.swift in Sources */ = {isa = PBXBuildFile; fileRef = D71C3D561DFEA9DC00405771 /* AppDelegate.swift */; };
		D71C3D591DFEA9DC00405771 /* ListViewController.swift in Sources */ = {isa = PBXBuildFile; fileRef = D71C3D581DFEA9DC00405771 /* ListViewController.swift */; };
		D71C3D5E1DFEA9DC00405771 /* Assets.xcassets in Resources */ = {isa = PBXBuildFile; fileRef = D71C3D5D1DFEA9DC00405771 /* Assets.xcassets */; };
		D71C3D611DFEA9DC00405771 /* LaunchScreen.storyboard in Resources */ = {isa = PBXBuildFile; fileRef = D71C3D5F1DFEA9DC00405771 /* LaunchScreen.storyboard */; };
		D71C3D691DFEB85C00405771 /* PhotoViewController.swift in Sources */ = {isa = PBXBuildFile; fileRef = D71C3D681DFEB85C00405771 /* PhotoViewController.swift */; };
		D74AC6811DFEDCB3008E2829 /* CustomTableViewCell.swift in Sources */ = {isa = PBXBuildFile; fileRef = D74AC6801DFEDCB3008E2829 /* CustomTableViewCell.swift */; };
/* End PBXBuildFile section */

/* Begin PBXFileReference section */
		D71C3D531DFEA9DC00405771 /* Splash.app */ = {isa = PBXFileReference; explicitFileType = wrapper.application; includeInIndex = 0; path = Splash.app; sourceTree = BUILT_PRODUCTS_DIR; };
		D71C3D561DFEA9DC00405771 /* AppDelegate.swift */ = {isa = PBXFileReference; lastKnownFileType = sourcecode.swift; path = AppDelegate.swift; sourceTree = "<group>"; };
		D71C3D581DFEA9DC00405771 /* ListViewController.swift */ = {isa = PBXFileReference; lastKnownFileType = sourcecode.swift; path = ListViewController.swift; sourceTree = "<group>"; };
		D71C3D5D1DFEA9DC00405771 /* Assets.xcassets */ = {isa = PBXFileReference; lastKnownFileType = folder.assetcatalog; path = Assets.xcassets; sourceTree = "<group>"; };
		D71C3D601DFEA9DC00405771 /* Base */ = {isa = PBXFileReference; lastKnownFileType = file.storyboard; name = Base; path = Base.lproj/LaunchScreen.storyboard; sourceTree = "<group>"; };
		D71C3D621DFEA9DC00405771 /* Info.plist */ = {isa = PBXFileReference; lastKnownFileType = text.plist.xml; path = Info.plist; sourceTree = "<group>"; };
		D71C3D681DFEB85C00405771 /* PhotoViewController.swift */ = {isa = PBXFileReference; fileEncoding = 4; lastKnownFileType = sourcecode.swift; path = PhotoViewController.swift; sourceTree = "<group>"; };
		D74AC6801DFEDCB3008E2829 /* CustomTableViewCell.swift */ = {isa = PBXFileReference; fileEncoding = 4; lastKnownFileType = sourcecode.swift; path = CustomTableViewCell.swift; sourceTree = "<group>"; };
/* End PBXFileReference section */

/* Begin PBXFrameworksBuildPhase section */
		D71C3D501DFEA9DC00405771 /* Frameworks */ = {
			isa = PBXFrameworksBuildPhase;
			buildActionMask = 2147483647;
			files = (
			);
			runOnlyForDeploymentPostprocessing = 0;
		};
/* End PBXFrameworksBuildPhase section */

/* Begin PBXGroup section */
		D71C3D4A1DFEA9DC00405771 = {
			isa = PBXGroup;
			children = (
				D71C3D551DFEA9DC00405771 /* Splash */,
				D71C3D541DFEA9DC00405771 /* Products */,
			);
			sourceTree = "<group>";
		};
		D71C3D541DFEA9DC00405771 /* Products */ = {
			isa = PBXGroup;
			children = (
				D71C3D531DFEA9DC00405771 /* Splash.app */,
			);
			name = Products;
			sourceTree = "<group>";
		};
		D71C3D551DFEA9DC00405771 /* Splash */ = {
			isa = PBXGroup;
			children = (
				D71C3D561DFEA9DC00405771 /* AppDelegate.swift */,
				D71C3D581DFEA9DC00405771 /* ListViewController.swift */,
				D74AC6801DFEDCB3008E2829 /* CustomTableViewCell.swift */,
				D71C3D681DFEB85C00405771 /* PhotoViewController.swift */,
				D71C3D5D1DFEA9DC00405771 /* Assets.xcassets */,
				D71C3D5F1DFEA9DC00405771 /* LaunchScreen.storyboard */,
				D71C3D621DFEA9DC00405771 /* Info.plist */,
			);
			path = Splash;
			sourceTree = "<group>";
		};
/* End PBXGroup section */

/* Begin PBXNativeTarget section */
		D71C3D521DFEA9DC00405771 /* Splash */ = {
			isa = PBXNativeTarget;
			buildConfigurationList = D71C3D651DFEA9DC00405771 /* Build configuration list for PBXNativeTarget "Splash" */;
			buildPhases = (
				D71C3D4F1DFEA9DC00405771 /* Sources */,
				D71C3D501DFEA9DC00405771 /* Frameworks */,
				D71C3D511DFEA9DC00405771 /* Resources */,
			);
			buildRules = (
			);
			dependencies = (
			);
			name = Splash;
			productName = Splash;
			productReference = D71C3D531DFEA9DC00405771 /* Splash.app */;
			productType = "com.apple.product-type.application";
		};
/* End PBXNativeTarget section */

/* Begin PBXProject section */
		D71C3D4B1DFEA9DC00405771 /* Project object */ = {
			isa = PBXProject;
			attributes = {
				LastSwiftUpdateCheck = 0730;
				LastUpgradeCheck = 0730;
				ORGANIZATIONNAME = daftmobile;
				TargetAttributes = {
					D71C3D521DFEA9DC00405771 = {
						CreatedOnToolsVersion = 7.3.1;
					};
				};
			};
			buildConfigurationList = D71C3D4E1DFEA9DC00405771 /* Build configuration list for PBXProject "Splash" */;
			compatibilityVersion = "Xcode 3.2";
			developmentRegion = English;
			hasScannedForEncodings = 0;
			knownRegions = (
				en,
				Base,
			);
			mainGroup = D71C3D4A1DFEA9DC00405771;
			productRefGroup = D71C3D541DFEA9DC00405771 /* Products */;
			projectDirPath = "";
			projectRoot = "";
			targets = (
				D71C3D521DFEA9DC00405771 /* Splash */,
			);
		};
/* End PBXProject section */

/* Begin PBXResourcesBuildPhase section */
		D71C3D511DFEA9DC00405771 /* Resources */ = {
			isa = PBXResourcesBuildPhase;
			buildActionMask = 2147483647;
			files = (
				D71C3D611DFEA9DC00405771 /* LaunchScreen.storyboard in Resources */,
				D71C3D5E1DFEA9DC00405771 /* Assets.xcassets in Resources */,
			);
			runOnlyForDeploymentPostprocessing = 0;
		};
/* End PBXResourcesBuildPhase section */

/* Begin PBXSourcesBuildPhase section */
		D71C3D4F1DFEA9DC00405771 /* Sources */ = {
			isa = PBXSourcesBuildPhase;
			buildActionMask = 2147483647;
			files = (
				D71C3D591DFEA9DC00405771 /* ListViewController.swift in Sources */,
				D71C3D571DFEA9DC00405771 /* AppDelegate.swift in Sources */,
				D74AC6811DFEDCB3008E2829 /* CustomTableViewCell.swift in Sources */,
				D71C3D691DFEB85C00405771 /* PhotoViewController.swift in Sources */,
			);
			runOnlyForDeploymentPostprocessing = 0;
		};
/* End PBXSourcesBuildPhase section */

/* Begin PBXVariantGroup section */
		D71C3D5F1DFEA9DC00405771 /* LaunchScreen.storyboard */ = {
			isa = PBXVariantGroup;
			children = (
				D71C3D601DFEA9DC00405771 /* Base */,
			);
			name = LaunchScreen.storyboard;
			sourceTree = "<group>";
		};
/* End PBXVariantGroup section */

/* Begin XCBuildConfiguration section */
		D71C3D631DFEA9DC00405771 /* Debug */ = {
			isa = XCBuildConfiguration;
			buildSettings = {
				ALWAYS_SEARCH_USER_PATHS = NO;
				CLANG_ANALYZER_NONNULL = YES;
				CLANG_CXX_LANGUAGE_STANDARD = "gnu++0x";
				CLANG_CXX_LIBRARY = "libc++";
				CLANG_ENABLE_MODULES = YES;
				CLANG_ENABLE_OBJC_ARC = YES;
				CLANG_WARN_BOOL_CONVERSION = YES;
				CLANG_WARN_CONSTANT_CONVERSION = YES;
				CLANG_WARN_DIRECT_OBJC_ISA_USAGE = YES_ERROR;
				CLANG_WARN_EMPTY_BODY = YES;
				CLANG_WARN_ENUM_CONVERSION = YES;
				CLANG_WARN_INT_CONVERSION = YES;
				CLANG_WARN_OBJC_ROOT_CLASS = YES_ERROR;
				CLANG_WARN_UNREACHABLE_CODE = YES;
				CLANG_WARN__DUPLICATE_METHOD_MATCH = YES;
				"CODE_SIGN_IDENTITY[sdk=iphoneos*]" = "iPhone Developer";
				COPY_PHASE_STRIP = NO;
				DEBUG_INFORMATION_FORMAT = dwarf;
				ENABLE_STRICT_OBJC_MSGSEND = YES;
				ENABLE_TESTABILITY = YES;
				GCC_C_LANGUAGE_STANDARD = gnu99;
				GCC_DYNAMIC_NO_PIC = NO;
				GCC_NO_COMMON_BLOCKS = YES;
				GCC_OPTIMIZATION_LEVEL = 0;
				GCC_PREPROCESSOR_DEFINITIONS = (
					"DEBUG=1",
					"$(inherited)",
				);
				GCC_WARN_64_TO_32_BIT_CONVERSION = YES;
				GCC_WARN_ABOUT_RETURN_TYPE = YES_ERROR;
				GCC_WARN_UNDECLARED_SELECTOR = YES;
				GCC_WARN_UNINITIALIZED_AUTOS = YES_AGGRESSIVE;
				GCC_WARN_UNUSED_FUNCTION = YES;
				GCC_WARN_UNUSED_VARIABLE = YES;
				IPHONEOS_DEPLOYMENT_TARGET = 9.3;
				MTL_ENABLE_DEBUG_INFO = YES;
				ONLY_ACTIVE_ARCH = YES;
				SDKROOT = iphoneos;
				SWIFT_OPTIMIZATION_LEVEL = "-Onone";
				TARGETED_DEVICE_FAMILY = "1,2";
			};
			name = Debug;
		};
		D71C3D641DFEA9DC00405771 /* Release */ = {
			isa = XCBuildConfiguration;
			buildSettings = {
				ALWAYS_SEARCH_USER_PATHS = NO;
				CLANG_ANALYZER_NONNULL = YES;
				CLANG_CXX_LANGUAGE_STANDARD = "gnu++0x";
				CLANG_CXX_LIBRARY = "libc++";
				CLANG_ENABLE_MODULES = YES;
				CLANG_ENABLE_OBJC_ARC = YES;
				CLANG_WARN_BOOL_CONVERSION = YES;
				CLANG_WARN_CONSTANT_CONVERSION = YES;
				CLANG_WARN_DIRECT_OBJC_ISA_USAGE = YES_ERROR;
				CLANG_WARN_EMPTY_BODY = YES;
				CLANG_WARN_ENUM_CONVERSION = YES;
				CLANG_WARN_INT_CONVERSION = YES;
				CLANG_WARN_OBJC_ROOT_CLASS = YES_ERROR;
				CLANG_WARN_UNREACHABLE_CODE = YES;
				CLANG_WARN__DUPLICATE_METHOD_MATCH = YES;
				"CODE_SIGN_IDENTITY[sdk=iphoneos*]" = "iPhone Developer";
				COPY_PHASE_STRIP = NO;
				DEBUG_INFORMATION_FORMAT = "dwarf-with-dsym";
				ENABLE_NS_ASSERTIONS = NO;
				ENABLE_STRICT_OBJC_MSGSEND = YES;
				GCC_C_LANGUAGE_STANDARD = gnu99;
				GCC_NO_COMMON_BLOCKS = YES;
				GCC_WARN_64_TO_32_BIT_CONVERSION = YES;
				GCC_WARN_ABOUT_RETURN_TYPE = YES_ERROR;
				GCC_WARN_UNDECLARED_SELECTOR = YES;
				GCC_WARN_UNINITIALIZED_AUTOS = YES_AGGRESSIVE;
				GCC_WARN_UNUSED_FUNCTION = YES;
				GCC_WARN_UNUSED_VARIABLE = YES;
				IPHONEOS_DEPLOYMENT_TARGET = 9.3;
				MTL_ENABLE_DEBUG_INFO = NO;
				SDKROOT = iphoneos;
				TARGETED_DEVICE_FAMILY = "1,2";
				VALIDATE_PRODUCT = YES;
			};
			name = Release;
		};
		D71C3D661DFEA9DC00405771 /* Debug */ = {
			isa = XCBuildConfiguration;
			buildSettings = {
				ASSETCATALOG_COMPILER_APPICON_NAME = AppIcon;
				INFOPLIST_FILE = Splash/Info.plist;
				LD_RUNPATH_SEARCH_PATHS = "$(inherited) @executable_path/Frameworks";
				PRODUCT_BUNDLE_IDENTIFIER = daftmobile.Splash;
				PRODUCT_NAME = "$(TARGET_NAME)";
			};
			name = Debug;
		};
		D71C3D671DFEA9DC00405771 /* Release */ = {
			isa = XCBuildConfiguration;
			buildSettings = {
				ASSETCATALOG_COMPILER_APPICON_NAME = AppIcon;
				INFOPLIST_FILE = Splash/Info.plist;
				LD_RUNPATH_SEARCH_PATHS = "$(inherited) @executable_path/Frameworks";
				PRODUCT_BUNDLE_IDENTIFIER = daftmobile.Splash;
				PRODUCT_NAME = "$(TARGET_NAME)";
			};
			name = Release;
		};
/* End XCBuildConfiguration section */

/* Begin XCConfigurationList section */
		D71C3D4E1DFEA9DC00405771 /* Build configuration list for PBXProject "Splash" */ = {
			isa = XCConfigurationList;
			buildConfigurations = (
				D71C3D631DFEA9DC00405771 /* Debug */,
				D71C3D641DFEA9DC00405771 /* Release */,
			);
			defaultConfigurationIsVisible = 0;
			defaultConfigurationName = Release;
		};
		D71C3D651DFEA9DC00405771 /* Build configuration list for PBXNativeTarget "Splash" */ = {
			isa = XCConfigurationList;
			buildConfigurations = (
				D71C3D661DFEA9DC00405771 /* Debug */,
				D71C3D671DFEA9DC00405771 /* Release */,
			);
			defaultConfigurationIsVisible = 0;
			defaultConfigurationName = Release;
		};
/* End XCConfigurationList section */
	};
	rootObject = D71C3D4B1DFEA9DC00405771 /* Project object */;
}
